
Microsoft Visual Studio Solution File, Format Version 12.00
# Visual Studio 15
VisualStudioVersion = 15.0.27130.2024
MinimumVisualStudioVersion = 10.0.40219.1
Project("{FAE04EC0-301F-11D3-BF4B-00C04F79EFBC}") = "ProbA", "ProbA\ProbA.csproj", "{0811A3F9-7020-459D-941D-679AFCE1B6E9}"
EndProject
Global
	GlobalSection(SolutionConfigurationPlatforms) = preSolution
		Debug|Any CPU = Debug|Any CPU
		Release|Any CPU = Release|Any CPU
	EndGlobalSection
	GlobalSection(ProjectConfigurationPlatforms) = postSolution
		{0811A3F9-7020-459D-941D-679AFCE1B6E9}.Debug|Any CPU.ActiveCfg = Debug|Any CPU
		{0811A3F9-7020-459D-941D-679AFCE1B6E9}.Debug|Any CPU.Build.0 = Debug|Any CPU
		{0811A3F9-7020-459D-941D-679AFCE1B6E9}.Release|Any CPU.ActiveCfg = Release|Any CPU
		{0811A3F9-7020-459D-941D-679AFCE1B6E9}.Release|Any CPU.Build.0 = Release|Any CPU
	EndGlobalSection
	GlobalSection(SolutionProperties) = preSolution
		HideSolutionNode = FALSE
	EndGlobalSection
	GlobalSection(ExtensibilityGlobals) = postSolution
		SolutionGuid = {0680EB4E-786C-4636-9152-E281BA80FEC8}
	EndGlobalSection
EndGlobal
